// !$*UTF8*$!
{
	archiveVersion = 1;
	classes = {
	};
	objectVersion = 56;
	objects = {

/* Begin PBXBuildFile section */
		751ECB6D2BF24A0E007E78AD /* AppDelegate.swift in Sources */ = {isa = PBXBuildFile; fileRef = 751ECB6C2BF24A0E007E78AD /* AppDelegate.swift */; };
		751ECB6F2BF24A0E007E78AD /* SceneDelegate.swift in Sources */ = {isa = PBXBuildFile; fileRef = 751ECB6E2BF24A0E007E78AD /* SceneDelegate.swift */; };
		751ECB712BF24A0E007E78AD /* SettingsNewsViewController.swift in Sources */ = {isa = PBXBuildFile; fileRef = 751ECB702BF24A0E007E78AD /* SettingsNewsViewController.swift */; };
		751ECB762BF24A10007E78AD /* Assets.xcassets in Resources */ = {isa = PBXBuildFile; fileRef = 751ECB752BF24A10007E78AD /* Assets.xcassets */; };
		751ECB792BF24A10007E78AD /* LaunchScreen.storyboard in Resources */ = {isa = PBXBuildFile; fileRef = 751ECB772BF24A10007E78AD /* LaunchScreen.storyboard */; };
		751ECB842BF24A10007E78AD /* SwiftNewsTests.swift in Sources */ = {isa = PBXBuildFile; fileRef = 751ECB832BF24A10007E78AD /* SwiftNewsTests.swift */; };
		751ECB8E2BF24A10007E78AD /* SwiftNewsUITests.swift in Sources */ = {isa = PBXBuildFile; fileRef = 751ECB8D2BF24A10007E78AD /* SwiftNewsUITests.swift */; };
		751ECB902BF24A10007E78AD /* SwiftNewsUITestsLaunchTests.swift in Sources */ = {isa = PBXBuildFile; fileRef = 751ECB8F2BF24A10007E78AD /* SwiftNewsUITestsLaunchTests.swift */; };
		751ECB9E2BF24EF7007E78AD /* ApiEndpoint.swift in Sources */ = {isa = PBXBuildFile; fileRef = 751ECB9D2BF24EF7007E78AD /* ApiEndpoint.swift */; };
		751ECBA02BF24F10007E78AD /* NewsEndpoint.swift in Sources */ = {isa = PBXBuildFile; fileRef = 751ECB9F2BF24F10007E78AD /* NewsEndpoint.swift */; };
		751ECBA32BF2511D007E78AD /* ApiEndpoint + Extesion.swift in Sources */ = {isa = PBXBuildFile; fileRef = 751ECBA22BF2511D007E78AD /* ApiEndpoint + Extesion.swift */; };
		751ECBAE2BF254B6007E78AD /* NewsNetworkingService.swift in Sources */ = {isa = PBXBuildFile; fileRef = 751ECBAD2BF254B6007E78AD /* NewsNetworkingService.swift */; };
		751ECBB12BF25605007E78AD /* ArticleListResponse.swift in Sources */ = {isa = PBXBuildFile; fileRef = 751ECBB02BF25605007E78AD /* ArticleListResponse.swift */; };
		751ECBB32BF2561D007E78AD /* Article.swift in Sources */ = {isa = PBXBuildFile; fileRef = 751ECBB22BF2561D007E78AD /* Article.swift */; };
		751ECBBA2BF25D0D007E78AD /* NewsViewController.swift in Sources */ = {isa = PBXBuildFile; fileRef = 751ECBB92BF25D0D007E78AD /* NewsViewController.swift */; };
		751ECBBC2BF25E71007E78AD /* CustomTabBarController.swift in Sources */ = {isa = PBXBuildFile; fileRef = 751ECBBB2BF25E71007E78AD /* CustomTabBarController.swift */; };
		751ECBBE2BF26732007E78AD /* ArticleCell.swift in Sources */ = {isa = PBXBuildFile; fileRef = 751ECBBD2BF26732007E78AD /* ArticleCell.swift */; };
		751ECBC02BF26842007E78AD /* NewsViewModel.swift in Sources */ = {isa = PBXBuildFile; fileRef = 751ECBBF2BF26842007E78AD /* NewsViewModel.swift */; };
		751ECBC22BF279C3007E78AD /* ArticleViewController.swift in Sources */ = {isa = PBXBuildFile; fileRef = 751ECBC12BF279C2007E78AD /* ArticleViewController.swift */; };
		751ECBC42BF27E79007E78AD /* UIImageView + Extension.swift in Sources */ = {isa = PBXBuildFile; fileRef = 751ECBC32BF27E79007E78AD /* UIImageView + Extension.swift */; };
		751ECBC72BF28F2A007E78AD /* UIColor + Extension.swift in Sources */ = {isa = PBXBuildFile; fileRef = 751ECBC62BF28F2A007E78AD /* UIColor + Extension.swift */; };
		751ECBCB2BF291E3007E78AD /* NewsCollectionViewHeader.swift in Sources */ = {isa = PBXBuildFile; fileRef = 751ECBCA2BF291E3007E78AD /* NewsCollectionViewHeader.swift */; };
		751ECBCD2BF2A177007E78AD /* NewsNetworkingServiceTests.swift in Sources */ = {isa = PBXBuildFile; fileRef = 751ECBCC2BF2A177007E78AD /* NewsNetworkingServiceTests.swift */; };
		751ECBCF2BF2A818007E78AD /* NewsParser.swift in Sources */ = {isa = PBXBuildFile; fileRef = 751ECBCE2BF2A818007E78AD /* NewsParser.swift */; };
		751ECBD32BF3B4D1007E78AD /* NewsCategory.swift in Sources */ = {isa = PBXBuildFile; fileRef = 751ECBD22BF3B4D1007E78AD /* NewsCategory.swift */; };
		751ECBD62BF3D41F007E78AD /* CategoryCell.swift in Sources */ = {isa = PBXBuildFile; fileRef = 751ECBD52BF3D41F007E78AD /* CategoryCell.swift */; };
		751ECBD82BF3FDE7007E78AD /* NewsParserProtocol.swift in Sources */ = {isa = PBXBuildFile; fileRef = 751ECBD72BF3FDE7007E78AD /* NewsParserProtocol.swift */; };
		751ECBDA2BF3FF05007E78AD /* NewsCollectionViewFooter.swift in Sources */ = {isa = PBXBuildFile; fileRef = 751ECBD92BF3FF05007E78AD /* NewsCollectionViewFooter.swift */; };
/* End PBXBuildFile section */

/* Begin PBXContainerItemProxy section */
		751ECB802BF24A10007E78AD /* PBXContainerItemProxy */ = {
			isa = PBXContainerItemProxy;
			containerPortal = 751ECB612BF24A0E007E78AD /* Project object */;
			proxyType = 1;
			remoteGlobalIDString = 751ECB682BF24A0E007E78AD;
			remoteInfo = SwiftNews;
		};
		751ECB8A2BF24A10007E78AD /* PBXContainerItemProxy */ = {
			isa = PBXContainerItemProxy;
			containerPortal = 751ECB612BF24A0E007E78AD /* Project object */;
			proxyType = 1;
			remoteGlobalIDString = 751ECB682BF24A0E007E78AD;
			remoteInfo = SwiftNews;
		};
/* End PBXContainerItemProxy section */

/* Begin PBXFileReference section */
		751ECB692BF24A0E007E78AD /* SwiftNews.app */ = {isa = PBXFileReference; explicitFileType = wrapper.application; includeInIndex = 0; path = SwiftNews.app; sourceTree = BUILT_PRODUCTS_DIR; };
		751ECB6C2BF24A0E007E78AD /* AppDelegate.swift */ = {isa = PBXFileReference; lastKnownFileType = sourcecode.swift; path = AppDelegate.swift; sourceTree = "<group>"; };
		751ECB6E2BF24A0E007E78AD /* SceneDelegate.swift */ = {isa = PBXFileReference; lastKnownFileType = sourcecode.swift; path = SceneDelegate.swift; sourceTree = "<group>"; };
		751ECB702BF24A0E007E78AD /* SettingsNewsViewController.swift */ = {isa = PBXFileReference; lastKnownFileType = sourcecode.swift; path = SettingsNewsViewController.swift; sourceTree = "<group>"; };
		751ECB752BF24A10007E78AD /* Assets.xcassets */ = {isa = PBXFileReference; lastKnownFileType = folder.assetcatalog; path = Assets.xcassets; sourceTree = "<group>"; };
		751ECB782BF24A10007E78AD /* Base */ = {isa = PBXFileReference; lastKnownFileType = file.storyboard; name = Base; path = Base.lproj/LaunchScreen.storyboard; sourceTree = "<group>"; };
		751ECB7A2BF24A10007E78AD /* Info.plist */ = {isa = PBXFileReference; lastKnownFileType = text.plist.xml; path = Info.plist; sourceTree = "<group>"; };
		751ECB7F2BF24A10007E78AD /* SwiftNewsTests.xctest */ = {isa = PBXFileReference; explicitFileType = wrapper.cfbundle; includeInIndex = 0; path = SwiftNewsTests.xctest; sourceTree = BUILT_PRODUCTS_DIR; };
		751ECB832BF24A10007E78AD /* SwiftNewsTests.swift */ = {isa = PBXFileReference; lastKnownFileType = sourcecode.swift; path = SwiftNewsTests.swift; sourceTree = "<group>"; };
		751ECB892BF24A10007E78AD /* SwiftNewsUITests.xctest */ = {isa = PBXFileReference; explicitFileType = wrapper.cfbundle; includeInIndex = 0; path = SwiftNewsUITests.xctest; sourceTree = BUILT_PRODUCTS_DIR; };
		751ECB8D2BF24A10007E78AD /* SwiftNewsUITests.swift */ = {isa = PBXFileReference; lastKnownFileType = sourcecode.swift; path = SwiftNewsUITests.swift; sourceTree = "<group>"; };
		751ECB8F2BF24A10007E78AD /* SwiftNewsUITestsLaunchTests.swift */ = {isa = PBXFileReference; lastKnownFileType = sourcecode.swift; path = SwiftNewsUITestsLaunchTests.swift; sourceTree = "<group>"; };
		751ECB9D2BF24EF7007E78AD /* ApiEndpoint.swift */ = {isa = PBXFileReference; lastKnownFileType = sourcecode.swift; path = ApiEndpoint.swift; sourceTree = "<group>"; };
		751ECB9F2BF24F10007E78AD /* NewsEndpoint.swift */ = {isa = PBXFileReference; lastKnownFileType = sourcecode.swift; path = NewsEndpoint.swift; sourceTree = "<group>"; };
		751ECBA22BF2511D007E78AD /* ApiEndpoint + Extesion.swift */ = {isa = PBXFileReference; lastKnownFileType = sourcecode.swift; path = "ApiEndpoint + Extesion.swift"; sourceTree = "<group>"; };
		751ECBAD2BF254B6007E78AD /* NewsNetworkingService.swift */ = {isa = PBXFileReference; lastKnownFileType = sourcecode.swift; path = NewsNetworkingService.swift; sourceTree = "<group>"; };
		751ECBB02BF25605007E78AD /* ArticleListResponse.swift */ = {isa = PBXFileReference; lastKnownFileType = sourcecode.swift; path = ArticleListResponse.swift; sourceTree = "<group>"; };
		751ECBB22BF2561D007E78AD /* Article.swift */ = {isa = PBXFileReference; lastKnownFileType = sourcecode.swift; path = Article.swift; sourceTree = "<group>"; };
		751ECBB92BF25D0D007E78AD /* NewsViewController.swift */ = {isa = PBXFileReference; lastKnownFileType = sourcecode.swift; name = NewsViewController.swift; path = SwiftNews/Views/NewsViewController.swift; sourceTree = SOURCE_ROOT; };
		751ECBBB2BF25E71007E78AD /* CustomTabBarController.swift */ = {isa = PBXFileReference; lastKnownFileType = sourcecode.swift; path = CustomTabBarController.swift; sourceTree = "<group>"; };
		751ECBBD2BF26732007E78AD /* ArticleCell.swift */ = {isa = PBXFileReference; lastKnownFileType = sourcecode.swift; path = ArticleCell.swift; sourceTree = "<group>"; };
		751ECBBF2BF26842007E78AD /* NewsViewModel.swift */ = {isa = PBXFileReference; lastKnownFileType = sourcecode.swift; path = NewsViewModel.swift; sourceTree = "<group>"; };
		751ECBC12BF279C2007E78AD /* ArticleViewController.swift */ = {isa = PBXFileReference; lastKnownFileType = sourcecode.swift; path = ArticleViewController.swift; sourceTree = "<group>"; };
		751ECBC32BF27E79007E78AD /* UIImageView + Extension.swift */ = {isa = PBXFileReference; lastKnownFileType = sourcecode.swift; path = "UIImageView + Extension.swift"; sourceTree = "<group>"; };
		751ECBC62BF28F2A007E78AD /* UIColor + Extension.swift */ = {isa = PBXFileReference; lastKnownFileType = sourcecode.swift; path = "UIColor + Extension.swift"; sourceTree = "<group>"; };
		751ECBCA2BF291E3007E78AD /* NewsCollectionViewHeader.swift */ = {isa = PBXFileReference; lastKnownFileType = sourcecode.swift; path = NewsCollectionViewHeader.swift; sourceTree = "<group>"; };
		751ECBCC2BF2A177007E78AD /* NewsNetworkingServiceTests.swift */ = {isa = PBXFileReference; lastKnownFileType = sourcecode.swift; path = NewsNetworkingServiceTests.swift; sourceTree = "<group>"; };
		751ECBCE2BF2A818007E78AD /* NewsParser.swift */ = {isa = PBXFileReference; lastKnownFileType = sourcecode.swift; path = NewsParser.swift; sourceTree = "<group>"; };
		751ECBD22BF3B4D1007E78AD /* NewsCategory.swift */ = {isa = PBXFileReference; lastKnownFileType = sourcecode.swift; path = NewsCategory.swift; sourceTree = "<group>"; };
		751ECBD52BF3D41F007E78AD /* CategoryCell.swift */ = {isa = PBXFileReference; lastKnownFileType = sourcecode.swift; path = CategoryCell.swift; sourceTree = "<group>"; };
		751ECBD72BF3FDE7007E78AD /* NewsParserProtocol.swift */ = {isa = PBXFileReference; lastKnownFileType = sourcecode.swift; path = NewsParserProtocol.swift; sourceTree = "<group>"; };
		751ECBD92BF3FF05007E78AD /* NewsCollectionViewFooter.swift */ = {isa = PBXFileReference; lastKnownFileType = sourcecode.swift; path = NewsCollectionViewFooter.swift; sourceTree = "<group>"; };
/* End PBXFileReference section */

/* Begin PBXFrameworksBuildPhase section */
		751ECB662BF24A0E007E78AD /* Frameworks */ = {
			isa = PBXFrameworksBuildPhase;
			buildActionMask = 2147483647;
			files = (
			);
			runOnlyForDeploymentPostprocessing = 0;
		};
		751ECB7C2BF24A10007E78AD /* Frameworks */ = {
			isa = PBXFrameworksBuildPhase;
			buildActionMask = 2147483647;
			files = (
			);
			runOnlyForDeploymentPostprocessing = 0;
		};
		751ECB862BF24A10007E78AD /* Frameworks */ = {
			isa = PBXFrameworksBuildPhase;
			buildActionMask = 2147483647;
			files = (
			);
			runOnlyForDeploymentPostprocessing = 0;
		};
/* End PBXFrameworksBuildPhase section */

/* Begin PBXGroup section */
		751ECB602BF24A0E007E78AD = {
			isa = PBXGroup;
			children = (
				751ECB6B2BF24A0E007E78AD /* SwiftNews */,
				751ECB822BF24A10007E78AD /* SwiftNewsTests */,
				751ECB8C2BF24A10007E78AD /* SwiftNewsUITests */,
				751ECB6A2BF24A0E007E78AD /* Products */,
			);
			sourceTree = "<group>";
		};
		751ECB6A2BF24A0E007E78AD /* Products */ = {
			isa = PBXGroup;
			children = (
				751ECB692BF24A0E007E78AD /* SwiftNews.app */,
				751ECB7F2BF24A10007E78AD /* SwiftNewsTests.xctest */,
				751ECB892BF24A10007E78AD /* SwiftNewsUITests.xctest */,
			);
			name = Products;
			sourceTree = "<group>";
		};
		751ECB6B2BF24A0E007E78AD /* SwiftNews */ = {
			isa = PBXGroup;
			children = (
				751ECB6C2BF24A0E007E78AD /* AppDelegate.swift */,
				751ECB6E2BF24A0E007E78AD /* SceneDelegate.swift */,
				751ECBC52BF27E7F007E78AD /* Extensions */,
				751ECB9C2BF24B77007E78AD /* Networking */,
				751ECBAF2BF254CD007E78AD /* Models */,
				751ECBB42BF25850007E78AD /* ViewModel */,
				751ECBB52BF25856007E78AD /* Views */,
				751ECB752BF24A10007E78AD /* Assets.xcassets */,
				751ECB772BF24A10007E78AD /* LaunchScreen.storyboard */,
				751ECB7A2BF24A10007E78AD /* Info.plist */,
			);
			path = SwiftNews;
			sourceTree = "<group>";
		};
		751ECB822BF24A10007E78AD /* SwiftNewsTests */ = {
			isa = PBXGroup;
			children = (
				751ECB832BF24A10007E78AD /* SwiftNewsTests.swift */,
				751ECBCC2BF2A177007E78AD /* NewsNetworkingServiceTests.swift */,
			);
			path = SwiftNewsTests;
			sourceTree = "<group>";
		};
		751ECB8C2BF24A10007E78AD /* SwiftNewsUITests */ = {
			isa = PBXGroup;
			children = (
				751ECB8D2BF24A10007E78AD /* SwiftNewsUITests.swift */,
				751ECB8F2BF24A10007E78AD /* SwiftNewsUITestsLaunchTests.swift */,
			);
			path = SwiftNewsUITests;
			sourceTree = "<group>";
		};
		751ECB9C2BF24B77007E78AD /* Networking */ = {
			isa = PBXGroup;
			children = (
				751ECB9D2BF24EF7007E78AD /* ApiEndpoint.swift */,
				751ECBAD2BF254B6007E78AD /* NewsNetworkingService.swift */,
				751ECBCE2BF2A818007E78AD /* NewsParser.swift */,
				751ECBD72BF3FDE7007E78AD /* NewsParserProtocol.swift */,
				751ECBB62BF25C9A007E78AD /* Endpoints */,
			);
			path = Networking;
			sourceTree = "<group>";
		};
		751ECBAF2BF254CD007E78AD /* Models */ = {
			isa = PBXGroup;
			children = (
				751ECBB02BF25605007E78AD /* ArticleListResponse.swift */,
				751ECBB22BF2561D007E78AD /* Article.swift */,
				751ECBD22BF3B4D1007E78AD /* NewsCategory.swift */,
			);
			path = Models;
			sourceTree = "<group>";
		};
		751ECBB42BF25850007E78AD /* ViewModel */ = {
			isa = PBXGroup;
			children = (
				751ECBBF2BF26842007E78AD /* NewsViewModel.swift */,
			);
			path = ViewModel;
			sourceTree = "<group>";
		};
		751ECBB52BF25856007E78AD /* Views */ = {
			isa = PBXGroup;
			children = (
				751ECB702BF24A0E007E78AD /* SettingsNewsViewController.swift */,
				751ECBB72BF25CD4007E78AD /* Components */,
				751ECBB92BF25D0D007E78AD /* NewsViewController.swift */,
				751ECBC12BF279C2007E78AD /* ArticleViewController.swift */,
				751ECBBB2BF25E71007E78AD /* CustomTabBarController.swift */,
			);
			path = Views;
			sourceTree = "<group>";
		};
		751ECBB62BF25C9A007E78AD /* Endpoints */ = {
			isa = PBXGroup;
			children = (
				751ECB9F2BF24F10007E78AD /* NewsEndpoint.swift */,
			);
			path = Endpoints;
			sourceTree = "<group>";
		};
		751ECBB72BF25CD4007E78AD /* Components */ = {
			isa = PBXGroup;
			children = (
				751ECBCA2BF291E3007E78AD /* NewsCollectionViewHeader.swift */,
				751ECBB82BF25CE6007E78AD /* Cells */,
			);
			path = Components;
			sourceTree = "<group>";
		};
		751ECBB82BF25CE6007E78AD /* Cells */ = {
			isa = PBXGroup;
			children = (
				751ECBBD2BF26732007E78AD /* ArticleCell.swift */,
				751ECBD52BF3D41F007E78AD /* CategoryCell.swift */,
				751ECBD92BF3FF05007E78AD /* NewsCollectionViewFooter.swift */,
			);
			path = Cells;
			sourceTree = "<group>";
		};
		751ECBC52BF27E7F007E78AD /* Extensions */ = {
			isa = PBXGroup;
			children = (
				751ECBA22BF2511D007E78AD /* ApiEndpoint + Extesion.swift */,
				751ECBC32BF27E79007E78AD /* UIImageView + Extension.swift */,
				751ECBC62BF28F2A007E78AD /* UIColor + Extension.swift */,
			);
			path = Extensions;
			sourceTree = "<group>";
		};
/* End PBXGroup section */

/* Begin PBXNativeTarget section */
		751ECB682BF24A0E007E78AD /* SwiftNews */ = {
			isa = PBXNativeTarget;
			buildConfigurationList = 751ECB932BF24A10007E78AD /* Build configuration list for PBXNativeTarget "SwiftNews" */;
			buildPhases = (
				751ECB652BF24A0E007E78AD /* Sources */,
				751ECB662BF24A0E007E78AD /* Frameworks */,
				751ECB672BF24A0E007E78AD /* Resources */,
			);
			buildRules = (
			);
			dependencies = (
			);
			name = SwiftNews;
			productName = SwiftNews;
			productReference = 751ECB692BF24A0E007E78AD /* SwiftNews.app */;
			productType = "com.apple.product-type.application";
		};
		751ECB7E2BF24A10007E78AD /* SwiftNewsTests */ = {
			isa = PBXNativeTarget;
			buildConfigurationList = 751ECB962BF24A10007E78AD /* Build configuration list for PBXNativeTarget "SwiftNewsTests" */;
			buildPhases = (
				751ECB7B2BF24A10007E78AD /* Sources */,
				751ECB7C2BF24A10007E78AD /* Frameworks */,
				751ECB7D2BF24A10007E78AD /* Resources */,
			);
			buildRules = (
			);
			dependencies = (
				751ECB812BF24A10007E78AD /* PBXTargetDependency */,
			);
			name = SwiftNewsTests;
			productName = SwiftNewsTests;
			productReference = 751ECB7F2BF24A10007E78AD /* SwiftNewsTests.xctest */;
			productType = "com.apple.product-type.bundle.unit-test";
		};
		751ECB882BF24A10007E78AD /* SwiftNewsUITests */ = {
			isa = PBXNativeTarget;
			buildConfigurationList = 751ECB992BF24A10007E78AD /* Build configuration list for PBXNativeTarget "SwiftNewsUITests" */;
			buildPhases = (
				751ECB852BF24A10007E78AD /* Sources */,
				751ECB862BF24A10007E78AD /* Frameworks */,
				751ECB872BF24A10007E78AD /* Resources */,
			);
			buildRules = (
			);
			dependencies = (
				751ECB8B2BF24A10007E78AD /* PBXTargetDependency */,
			);
			name = SwiftNewsUITests;
			productName = SwiftNewsUITests;
			productReference = 751ECB892BF24A10007E78AD /* SwiftNewsUITests.xctest */;
			productType = "com.apple.product-type.bundle.ui-testing";
		};
/* End PBXNativeTarget section */

/* Begin PBXProject section */
		751ECB612BF24A0E007E78AD /* Project object */ = {
			isa = PBXProject;
			attributes = {
				BuildIndependentTargetsInParallel = 1;
				LastSwiftUpdateCheck = 1510;
				LastUpgradeCheck = 1510;
				TargetAttributes = {
					751ECB682BF24A0E007E78AD = {
						CreatedOnToolsVersion = 15.1;
					};
					751ECB7E2BF24A10007E78AD = {
						CreatedOnToolsVersion = 15.1;
						TestTargetID = 751ECB682BF24A0E007E78AD;
					};
					751ECB882BF24A10007E78AD = {
						CreatedOnToolsVersion = 15.1;
						TestTargetID = 751ECB682BF24A0E007E78AD;
					};
				};
			};
			buildConfigurationList = 751ECB642BF24A0E007E78AD /* Build configuration list for PBXProject "SwiftNews" */;
			compatibilityVersion = "Xcode 14.0";
			developmentRegion = en;
			hasScannedForEncodings = 0;
			knownRegions = (
				en,
				Base,
			);
			mainGroup = 751ECB602BF24A0E007E78AD;
			productRefGroup = 751ECB6A2BF24A0E007E78AD /* Products */;
			projectDirPath = "";
			projectRoot = "";
			targets = (
				751ECB682BF24A0E007E78AD /* SwiftNews */,
				751ECB7E2BF24A10007E78AD /* SwiftNewsTests */,
				751ECB882BF24A10007E78AD /* SwiftNewsUITests */,
			);
		};
/* End PBXProject section */

/* Begin PBXResourcesBuildPhase section */
		751ECB672BF24A0E007E78AD /* Resources */ = {
			isa = PBXResourcesBuildPhase;
			buildActionMask = 2147483647;
			files = (
				751ECB792BF24A10007E78AD /* LaunchScreen.storyboard in Resources */,
				751ECB762BF24A10007E78AD /* Assets.xcassets in Resources */,
			);
			runOnlyForDeploymentPostprocessing = 0;
		};
		751ECB7D2BF24A10007E78AD /* Resources */ = {
			isa = PBXResourcesBuildPhase;
			buildActionMask = 2147483647;
			files = (
			);
			runOnlyForDeploymentPostprocessing = 0;
		};
		751ECB872BF24A10007E78AD /* Resources */ = {
			isa = PBXResourcesBuildPhase;
			buildActionMask = 2147483647;
			files = (
			);
			runOnlyForDeploymentPostprocessing = 0;
		};
/* End PBXResourcesBuildPhase section */

/* Begin PBXSourcesBuildPhase section */
		751ECB652BF24A0E007E78AD /* Sources */ = {
			isa = PBXSourcesBuildPhase;
			buildActionMask = 2147483647;
			files = (
				751ECB712BF24A0E007E78AD /* SettingsNewsViewController.swift in Sources */,
				751ECB6D2BF24A0E007E78AD /* AppDelegate.swift in Sources */,
				751ECBCF2BF2A818007E78AD /* NewsParser.swift in Sources */,
				751ECBBC2BF25E71007E78AD /* CustomTabBarController.swift in Sources */,
				751ECBB32BF2561D007E78AD /* Article.swift in Sources */,
				751ECBD32BF3B4D1007E78AD /* NewsCategory.swift in Sources */,
				751ECBBE2BF26732007E78AD /* ArticleCell.swift in Sources */,
				751ECBBA2BF25D0D007E78AD /* NewsViewController.swift in Sources */,
				751ECBA32BF2511D007E78AD /* ApiEndpoint + Extesion.swift in Sources */,
				751ECBC72BF28F2A007E78AD /* UIColor + Extension.swift in Sources */,
				751ECBDA2BF3FF05007E78AD /* NewsCollectionViewFooter.swift in Sources */,
				751ECBC02BF26842007E78AD /* NewsViewModel.swift in Sources */,
				751ECB6F2BF24A0E007E78AD /* SceneDelegate.swift in Sources */,
				751ECBB12BF25605007E78AD /* ArticleListResponse.swift in Sources */,
				751ECBAE2BF254B6007E78AD /* NewsNetworkingService.swift in Sources */,
				751ECBC22BF279C3007E78AD /* ArticleViewController.swift in Sources */,
				751ECBCB2BF291E3007E78AD /* NewsCollectionViewHeader.swift in Sources */,
				751ECBD82BF3FDE7007E78AD /* NewsParserProtocol.swift in Sources */,
				751ECBA02BF24F10007E78AD /* NewsEndpoint.swift in Sources */,
				751ECB9E2BF24EF7007E78AD /* ApiEndpoint.swift in Sources */,
				751ECBC42BF27E79007E78AD /* UIImageView + Extension.swift in Sources */,
				751ECBD62BF3D41F007E78AD /* CategoryCell.swift in Sources */,
			);
			runOnlyForDeploymentPostprocessing = 0;
		};
		751ECB7B2BF24A10007E78AD /* Sources */ = {
			isa = PBXSourcesBuildPhase;
			buildActionMask = 2147483647;
			files = (
				751ECBCD2BF2A177007E78AD /* NewsNetworkingServiceTests.swift in Sources */,
				751ECB842BF24A10007E78AD /* SwiftNewsTests.swift in Sources */,
			);
			runOnlyForDeploymentPostprocessing = 0;
		};
		751ECB852BF24A10007E78AD /* Sources */ = {
			isa = PBXSourcesBuildPhase;
			buildActionMask = 2147483647;
			files = (
				751ECB8E2BF24A10007E78AD /* SwiftNewsUITests.swift in Sources */,
				751ECB902BF24A10007E78AD /* SwiftNewsUITestsLaunchTests.swift in Sources */,
			);
			runOnlyForDeploymentPostprocessing = 0;
		};
/* End PBXSourcesBuildPhase section */

/* Begin PBXTargetDependency section */
		751ECB812BF24A10007E78AD /* PBXTargetDependency */ = {
			isa = PBXTargetDependency;
			target = 751ECB682BF24A0E007E78AD /* SwiftNews */;
			targetProxy = 751ECB802BF24A10007E78AD /* PBXContainerItemProxy */;
		};
		751ECB8B2BF24A10007E78AD /* PBXTargetDependency */ = {
			isa = PBXTargetDependency;
			target = 751ECB682BF24A0E007E78AD /* SwiftNews */;
			targetProxy = 751ECB8A2BF24A10007E78AD /* PBXContainerItemProxy */;
		};
/* End PBXTargetDependency section */

/* Begin PBXVariantGroup section */
		751ECB772BF24A10007E78AD /* LaunchScreen.storyboard */ = {
			isa = PBXVariantGroup;
			children = (
				751ECB782BF24A10007E78AD /* Base */,
			);
			name = LaunchScreen.storyboard;
			sourceTree = "<group>";
		};
/* End PBXVariantGroup section */

/* Begin XCBuildConfiguration section */
		751ECB912BF24A10007E78AD /* Debug */ = {
			isa = XCBuildConfiguration;
			buildSettings = {
				ALWAYS_SEARCH_USER_PATHS = NO;
				ASSETCATALOG_COMPILER_GENERATE_SWIFT_ASSET_SYMBOL_EXTENSIONS = YES;
				CLANG_ANALYZER_NONNULL = YES;
				CLANG_ANALYZER_NUMBER_OBJECT_CONVERSION = YES_AGGRESSIVE;
				CLANG_CXX_LANGUAGE_STANDARD = "gnu++20";
				CLANG_ENABLE_MODULES = YES;
				CLANG_ENABLE_OBJC_ARC = YES;
				CLANG_ENABLE_OBJC_WEAK = YES;
				CLANG_WARN_BLOCK_CAPTURE_AUTORELEASING = YES;
				CLANG_WARN_BOOL_CONVERSION = YES;
				CLANG_WARN_COMMA = YES;
				CLANG_WARN_CONSTANT_CONVERSION = YES;
				CLANG_WARN_DEPRECATED_OBJC_IMPLEMENTATIONS = YES;
				CLANG_WARN_DIRECT_OBJC_ISA_USAGE = YES_ERROR;
				CLANG_WARN_DOCUMENTATION_COMMENTS = YES;
				CLANG_WARN_EMPTY_BODY = YES;
				CLANG_WARN_ENUM_CONVERSION = YES;
				CLANG_WARN_INFINITE_RECURSION = YES;
				CLANG_WARN_INT_CONVERSION = YES;
				CLANG_WARN_NON_LITERAL_NULL_CONVERSION = YES;
				CLANG_WARN_OBJC_IMPLICIT_RETAIN_SELF = YES;
				CLANG_WARN_OBJC_LITERAL_CONVERSION = YES;
				CLANG_WARN_OBJC_ROOT_CLASS = YES_ERROR;
				CLANG_WARN_QUOTED_INCLUDE_IN_FRAMEWORK_HEADER = YES;
				CLANG_WARN_RANGE_LOOP_ANALYSIS = YES;
				CLANG_WARN_STRICT_PROTOTYPES = YES;
				CLANG_WARN_SUSPICIOUS_MOVE = YES;
				CLANG_WARN_UNGUARDED_AVAILABILITY = YES_AGGRESSIVE;
				CLANG_WARN_UNREACHABLE_CODE = YES;
				CLANG_WARN__DUPLICATE_METHOD_MATCH = YES;
				COPY_PHASE_STRIP = NO;
				DEBUG_INFORMATION_FORMAT = dwarf;
				ENABLE_STRICT_OBJC_MSGSEND = YES;
				ENABLE_TESTABILITY = YES;
				ENABLE_USER_SCRIPT_SANDBOXING = YES;
				GCC_C_LANGUAGE_STANDARD = gnu17;
				GCC_DYNAMIC_NO_PIC = NO;
				GCC_NO_COMMON_BLOCKS = YES;
				GCC_OPTIMIZATION_LEVEL = 0;
				GCC_PREPROCESSOR_DEFINITIONS = (
					"DEBUG=1",
					"$(inherited)",
				);
				GCC_WARN_64_TO_32_BIT_CONVERSION = YES;
				GCC_WARN_ABOUT_RETURN_TYPE = YES_ERROR;
				GCC_WARN_UNDECLARED_SELECTOR = YES;
				GCC_WARN_UNINITIALIZED_AUTOS = YES_AGGRESSIVE;
				GCC_WARN_UNUSED_FUNCTION = YES;
				GCC_WARN_UNUSED_VARIABLE = YES;
				IPHONEOS_DEPLOYMENT_TARGET = 17.2;
				LOCALIZATION_PREFERS_STRING_CATALOGS = YES;
				MTL_ENABLE_DEBUG_INFO = INCLUDE_SOURCE;
				MTL_FAST_MATH = YES;
				ONLY_ACTIVE_ARCH = YES;
				SDKROOT = iphoneos;
				SWIFT_ACTIVE_COMPILATION_CONDITIONS = "DEBUG $(inherited)";
				SWIFT_OPTIMIZATION_LEVEL = "-Onone";
			};
			name = Debug;
		};
		751ECB922BF24A10007E78AD /* Release */ = {
			isa = XCBuildConfiguration;
			buildSettings = {
				ALWAYS_SEARCH_USER_PATHS = NO;
				ASSETCATALOG_COMPILER_GENERATE_SWIFT_ASSET_SYMBOL_EXTENSIONS = YES;
				CLANG_ANALYZER_NONNULL = YES;
				CLANG_ANALYZER_NUMBER_OBJECT_CONVERSION = YES_AGGRESSIVE;
				CLANG_CXX_LANGUAGE_STANDARD = "gnu++20";
				CLANG_ENABLE_MODULES = YES;
				CLANG_ENABLE_OBJC_ARC = YES;
				CLANG_ENABLE_OBJC_WEAK = YES;
				CLANG_WARN_BLOCK_CAPTURE_AUTORELEASING = YES;
				CLANG_WARN_BOOL_CONVERSION = YES;
				CLANG_WARN_COMMA = YES;
				CLANG_WARN_CONSTANT_CONVERSION = YES;
				CLANG_WARN_DEPRECATED_OBJC_IMPLEMENTATIONS = YES;
				CLANG_WARN_DIRECT_OBJC_ISA_USAGE = YES_ERROR;
				CLANG_WARN_DOCUMENTATION_COMMENTS = YES;
				CLANG_WARN_EMPTY_BODY = YES;
				CLANG_WARN_ENUM_CONVERSION = YES;
				CLANG_WARN_INFINITE_RECURSION = YES;
				CLANG_WARN_INT_CONVERSION = YES;
				CLANG_WARN_NON_LITERAL_NULL_CONVERSION = YES;
				CLANG_WARN_OBJC_IMPLICIT_RETAIN_SELF = YES;
				CLANG_WARN_OBJC_LITERAL_CONVERSION = YES;
				CLANG_WARN_OBJC_ROOT_CLASS = YES_ERROR;
				CLANG_WARN_QUOTED_INCLUDE_IN_FRAMEWORK_HEADER = YES;
				CLANG_WARN_RANGE_LOOP_ANALYSIS = YES;
				CLANG_WARN_STRICT_PROTOTYPES = YES;
				CLANG_WARN_SUSPICIOUS_MOVE = YES;
				CLANG_WARN_UNGUARDED_AVAILABILITY = YES_AGGRESSIVE;
				CLANG_WARN_UNREACHABLE_CODE = YES;
				CLANG_WARN__DUPLICATE_METHOD_MATCH = YES;
				COPY_PHASE_STRIP = NO;
				DEBUG_INFORMATION_FORMAT = "dwarf-with-dsym";
				ENABLE_NS_ASSERTIONS = NO;
				ENABLE_STRICT_OBJC_MSGSEND = YES;
				ENABLE_USER_SCRIPT_SANDBOXING = YES;
				GCC_C_LANGUAGE_STANDARD = gnu17;
				GCC_NO_COMMON_BLOCKS = YES;
				GCC_WARN_64_TO_32_BIT_CONVERSION = YES;
				GCC_WARN_ABOUT_RETURN_TYPE = YES_ERROR;
				GCC_WARN_UNDECLARED_SELECTOR = YES;
				GCC_WARN_UNINITIALIZED_AUTOS = YES_AGGRESSIVE;
				GCC_WARN_UNUSED_FUNCTION = YES;
				GCC_WARN_UNUSED_VARIABLE = YES;
				IPHONEOS_DEPLOYMENT_TARGET = 17.2;
				LOCALIZATION_PREFERS_STRING_CATALOGS = YES;
				MTL_ENABLE_DEBUG_INFO = NO;
				MTL_FAST_MATH = YES;
				SDKROOT = iphoneos;
				SWIFT_COMPILATION_MODE = wholemodule;
				VALIDATE_PRODUCT = YES;
			};
			name = Release;
		};
		751ECB942BF24A10007E78AD /* Debug */ = {
			isa = XCBuildConfiguration;
			buildSettings = {
				ASSETCATALOG_COMPILER_APPICON_NAME = AppIcon;
				ASSETCATALOG_COMPILER_GLOBAL_ACCENT_COLOR_NAME = AccentColor;
				CODE_SIGN_STYLE = Automatic;
				CURRENT_PROJECT_VERSION = 1;
				DEVELOPMENT_TEAM = C7K95G5W2H;
				GENERATE_INFOPLIST_FILE = YES;
				INFOPLIST_FILE = SwiftNews/Info.plist;
				INFOPLIST_KEY_UIApplicationSupportsIndirectInputEvents = YES;
				INFOPLIST_KEY_UILaunchStoryboardName = LaunchScreen;
				INFOPLIST_KEY_UISupportedInterfaceOrientations_iPad = "UIInterfaceOrientationPortrait UIInterfaceOrientationPortraitUpsideDown UIInterfaceOrientationLandscapeLeft UIInterfaceOrientationLandscapeRight";
				INFOPLIST_KEY_UISupportedInterfaceOrientations_iPhone = "UIInterfaceOrientationPortrait UIInterfaceOrientationLandscapeLeft UIInterfaceOrientationLandscapeRight";
				LD_RUNPATH_SEARCH_PATHS = (
					"$(inherited)",
					"@executable_path/Frameworks",
				);
				MARKETING_VERSION = 1.0;
				PRODUCT_BUNDLE_IDENTIFIER = com.pupper.SwiftNews;
				PRODUCT_NAME = "$(TARGET_NAME)";
				SWIFT_EMIT_LOC_STRINGS = YES;
				SWIFT_VERSION = 5.0;
				TARGETED_DEVICE_FAMILY = "1,2";
			};
			name = Debug;
		};
		751ECB952BF24A10007E78AD /* Release */ = {
			isa = XCBuildConfiguration;
			buildSettings = {
				ASSETCATALOG_COMPILER_APPICON_NAME = AppIcon;
				ASSETCATALOG_COMPILER_GLOBAL_ACCENT_COLOR_NAME = AccentColor;
				CODE_SIGN_STYLE = Automatic;
				CURRENT_PROJECT_VERSION = 1;
				DEVELOPMENT_TEAM = C7K95G5W2H;
				GENERATE_INFOPLIST_FILE = YES;
				INFOPLIST_FILE = SwiftNews/Info.plist;
				INFOPLIST_KEY_UIApplicationSupportsIndirectInputEvents = YES;
				INFOPLIST_KEY_UILaunchStoryboardName = LaunchScreen;
				INFOPLIST_KEY_UISupportedInterfaceOrientations_iPad = "UIInterfaceOrientationPortrait UIInterfaceOrientationPortraitUpsideDown UIInterfaceOrientationLandscapeLeft UIInterfaceOrientationLandscapeRight";
				INFOPLIST_KEY_UISupportedInterfaceOrientations_iPhone = "UIInterfaceOrientationPortrait UIInterfaceOrientationLandscapeLeft UIInterfaceOrientationLandscapeRight";
				LD_RUNPATH_SEARCH_PATHS = (
					"$(inherited)",
					"@executable_path/Frameworks",
				);
				MARKETING_VERSION = 1.0;
				PRODUCT_BUNDLE_IDENTIFIER = com.pupper.SwiftNews;
				PRODUCT_NAME = "$(TARGET_NAME)";
				SWIFT_EMIT_LOC_STRINGS = YES;
				SWIFT_VERSION = 5.0;
				TARGETED_DEVICE_FAMILY = "1,2";
			};
			name = Release;
		};
		751ECB972BF24A10007E78AD /* Debug */ = {
			isa = XCBuildConfiguration;
			buildSettings = {
				ALWAYS_EMBED_SWIFT_STANDARD_LIBRARIES = YES;
				BUNDLE_LOADER = "$(TEST_HOST)";
				CODE_SIGN_STYLE = Automatic;
				CURRENT_PROJECT_VERSION = 1;
				GENERATE_INFOPLIST_FILE = YES;
				IPHONEOS_DEPLOYMENT_TARGET = 17.2;
				MARKETING_VERSION = 1.0;
				PRODUCT_BUNDLE_IDENTIFIER = com.pupper.SwiftNewsTests;
				PRODUCT_NAME = "$(TARGET_NAME)";
				SWIFT_EMIT_LOC_STRINGS = NO;
				SWIFT_VERSION = 5.0;
				TARGETED_DEVICE_FAMILY = "1,2";
				TEST_HOST = "$(BUILT_PRODUCTS_DIR)/SwiftNews.app/$(BUNDLE_EXECUTABLE_FOLDER_PATH)/SwiftNews";
			};
			name = Debug;
		};
		751ECB982BF24A10007E78AD /* Release */ = {
			isa = XCBuildConfiguration;
			buildSettings = {
				ALWAYS_EMBED_SWIFT_STANDARD_LIBRARIES = YES;
				BUNDLE_LOADER = "$(TEST_HOST)";
				CODE_SIGN_STYLE = Automatic;
				CURRENT_PROJECT_VERSION = 1;
				GENERATE_INFOPLIST_FILE = YES;
				IPHONEOS_DEPLOYMENT_TARGET = 17.2;
				MARKETING_VERSION = 1.0;
				PRODUCT_BUNDLE_IDENTIFIER = com.pupper.SwiftNewsTests;
				PRODUCT_NAME = "$(TARGET_NAME)";
				SWIFT_EMIT_LOC_STRINGS = NO;
				SWIFT_VERSION = 5.0;
				TARGETED_DEVICE_FAMILY = "1,2";
				TEST_HOST = "$(BUILT_PRODUCTS_DIR)/SwiftNews.app/$(BUNDLE_EXECUTABLE_FOLDER_PATH)/SwiftNews";
			};
			name = Release;
		};
		751ECB9A2BF24A10007E78AD /* Debug */ = {
			isa = XCBuildConfiguration;
			buildSettings = {
				ALWAYS_EMBED_SWIFT_STANDARD_LIBRARIES = YES;
				CODE_SIGN_STYLE = Automatic;
				CURRENT_PROJECT_VERSION = 1;
				GENERATE_INFOPLIST_FILE = YES;
				MARKETING_VERSION = 1.0;
				PRODUCT_BUNDLE_IDENTIFIER = com.pupper.SwiftNewsUITests;
				PRODUCT_NAME = "$(TARGET_NAME)";
				SWIFT_EMIT_LOC_STRINGS = NO;
				SWIFT_VERSION = 5.0;
				TARGETED_DEVICE_FAMILY = "1,2";
				TEST_TARGET_NAME = SwiftNews;
			};
			name = Debug;
		};
		751ECB9B2BF24A10007E78AD /* Release */ = {
			isa = XCBuildConfiguration;
			buildSettings = {
				ALWAYS_EMBED_SWIFT_STANDARD_LIBRARIES = YES;
				CODE_SIGN_STYLE = Automatic;
				CURRENT_PROJECT_VERSION = 1;
				GENERATE_INFOPLIST_FILE = YES;
				MARKETING_VERSION = 1.0;
				PRODUCT_BUNDLE_IDENTIFIER = com.pupper.SwiftNewsUITests;
				PRODUCT_NAME = "$(TARGET_NAME)";
				SWIFT_EMIT_LOC_STRINGS = NO;
				SWIFT_VERSION = 5.0;
				TARGETED_DEVICE_FAMILY = "1,2";
				TEST_TARGET_NAME = SwiftNews;
			};
			name = Release;
		};
/* End XCBuildConfiguration section */

/* Begin XCConfigurationList section */
		751ECB642BF24A0E007E78AD /* Build configuration list for PBXProject "SwiftNews" */ = {
			isa = XCConfigurationList;
			buildConfigurations = (
				751ECB912BF24A10007E78AD /* Debug */,
				751ECB922BF24A10007E78AD /* Release */,
			);
			defaultConfigurationIsVisible = 0;
			defaultConfigurationName = Release;
		};
		751ECB932BF24A10007E78AD /* Build configuration list for PBXNativeTarget "SwiftNews" */ = {
			isa = XCConfigurationList;
			buildConfigurations = (
				751ECB942BF24A10007E78AD /* Debug */,
				751ECB952BF24A10007E78AD /* Release */,
			);
			defaultConfigurationIsVisible = 0;
			defaultConfigurationName = Release;
		};
		751ECB962BF24A10007E78AD /* Build configuration list for PBXNativeTarget "SwiftNewsTests" */ = {
			isa = XCConfigurationList;
			buildConfigurations = (
				751ECB972BF24A10007E78AD /* Debug */,
				751ECB982BF24A10007E78AD /* Release */,
			);
			defaultConfigurationIsVisible = 0;
			defaultConfigurationName = Release;
		};
		751ECB992BF24A10007E78AD /* Build configuration list for PBXNativeTarget "SwiftNewsUITests" */ = {
			isa = XCConfigurationList;
			buildConfigurations = (
				751ECB9A2BF24A10007E78AD /* Debug */,
				751ECB9B2BF24A10007E78AD /* Release */,
			);
			defaultConfigurationIsVisible = 0;
			defaultConfigurationName = Release;
		};
/* End XCConfigurationList section */
	};
	rootObject = 751ECB612BF24A0E007E78AD /* Project object */;
}
